{
	"name": "@1715173329/unblockneteasemusic",
	"version": "0.26.1",
	"lockfileVersion": 1,
	"requires": true,
	"dependencies": {
		"minimist": {
			"version": "0.0.10",
			"resolved": "https://registry.nlark.com/minimist/download/minimist-0.0.10.tgz",
			"integrity": "sha1-3j+YVD2/lggr5IrRoMfNqDYwHc8="
		},
		"node-windows": {
			"version": "1.0.0-beta.5",
			"resolved": "https://registry.nlark.com/node-windows/download/node-windows-1.0.0-beta.5.tgz",
			"integrity": "sha1-95KIscpvH0Gm0xIpkCxhGiGrudY=",
			"requires": {
				"optimist": "~0.6.0",
				"xml": "0.0.12"
			}
		},
		"optimist": {
			"version": "0.6.1",
			"resolved": "https://registry.npm.taobao.org/optimist/download/optimist-0.6.1.tgz",
			"integrity": "sha1-2j6nRob6IaGaERwybpDrFaAZZoY=",
			"requires": {
				"minimist": "~0.0.1",
				"wordwrap": "~0.0.2"
			}
		},
		"wordwrap": {
			"version": "0.0.3",
			"resolved": "https://registry.nlark.com/wordwrap/download/wordwrap-0.0.3.tgz",
			"integrity": "sha1-o9XabNXAvAAI03I0u68b7WMFkQc="
		},
		"xml": {
			"version": "0.0.12",
			"resolved": "https://registry.npm.taobao.org/xml/download/xml-0.0.12.tgz",
			"integrity": "sha1-8Is0cQmRK+AChXhfRvFa2OUKX2c="
		}
	}
}
